
Microsoft Visual Studio Solution File, Format Version 12.00
# Visual Studio 2012
Project("{8BC9CEB8-8B4A-11D0-8D11-00A0C91BC942}") = "Minecraft.World", "Minecraft.World\Minecraft.World.vcxproj", "{F046C3CE-9749-4823-B32B-D9CC10B1A2C8}"
EndProject
Project("{8BC9CEB8-8B4A-11D0-8D11-00A0C91BC942}") = "Minecraft.Client", "Minecraft.Client\Minecraft.Client.vcxproj", "{1B9A8C38-DD48-448C-AA24-E1A35E0089A3}"
	ProjectSection(ProjectDependencies) = postProject
		{F046C3CE-9749-4823-B32B-D9CC10B1A2C8} = {F046C3CE-9749-4823-B32B-D9CC10B1A2C8}
	EndProjectSection
EndProject
Global
	GlobalSection(TeamFoundationVersionControl) = preSolution
		SccNumberOfProjects = 3
		SccEnterpriseProvider = {4CA58AB2-18FA-4F8D-95D4-32DDF27D184C}
		SccTeamFoundationServer = https://tfs4jstudios.visualstudio.com/defaultcollection
		SccLocalPath0 = .
		SccProjectUniqueName1 = Minecraft.World\\Minecraft.World.vcxproj
		SccProjectName1 = Minecraft.World
		SccLocalPath1 = Minecraft.World
		SccProjectUniqueName2 = Minecraft.Client\\Minecraft.Client.vcxproj
		SccProjectName2 = Minecraft.Client
		SccLocalPath2 = Minecraft.Client
	EndGlobalSection
	GlobalSection(SolutionConfigurationPlatforms) = preSolution
		ContentPackage_NO_TU|Windows64 = ContentPackage_NO_TU|Windows64
		CONTENTPACKAGE_SYMBOLS|Windows64 = CONTENTPACKAGE_SYMBOLS|Windows64
		ContentPackage|Windows64 = ContentPackage|Windows64
		Debug|Windows64 = Debug|Windows64
		Release|Windows64 = Release|Windows64
		ReleaseForArt|Windows64 = ReleaseForArt|Windows64
	EndGlobalSection
	GlobalSection(ProjectConfigurationPlatforms) = postSolution
		{F046C3CE-9749-4823-B32B-D9CC10B1A2C8}.ContentPackage_NO_TU|Windows64.ActiveCfg = ContentPackage_NO_TU|x64
		{F046C3CE-9749-4823-B32B-D9CC10B1A2C8}.CONTENTPACKAGE_SYMBOLS|Windows64.ActiveCfg = CONTENTPACKAGE_SYMBOLS|x64
		{F046C3CE-9749-4823-B32B-D9CC10B1A2C8}.ContentPackage|Windows64.ActiveCfg = ContentPackage|x64
		{F046C3CE-9749-4823-B32B-D9CC10B1A2C8}.ContentPackage|Windows64.Build.0 = ContentPackage|x64
		{F046C3CE-9749-4823-B32B-D9CC10B1A2C8}.Debug|Windows64.ActiveCfg = Debug|x64
		{F046C3CE-9749-4823-B32B-D9CC10B1A2C8}.Debug|Windows64.Build.0 = Debug|x64
		{F046C3CE-9749-4823-B32B-D9CC10B1A2C8}.Release|Windows64.ActiveCfg = Release|x64
		{F046C3CE-9749-4823-B32B-D9CC10B1A2C8}.Release|Windows64.Build.0 = Release|x64
		{F046C3CE-9749-4823-B32B-D9CC10B1A2C8}.ReleaseForArt|Windows64.ActiveCfg = ReleaseForArt|x64
		{1B9A8C38-DD48-448C-AA24-E1A35E0089A3}.ContentPackage_NO_TU|Windows64.ActiveCfg = ContentPackage_NO_TU|x64
		{1B9A8C38-DD48-448C-AA24-E1A35E0089A3}.CONTENTPACKAGE_SYMBOLS|Windows64.ActiveCfg = CONTENTPACKAGE_SYMBOLS|x64
		{1B9A8C38-DD48-448C-AA24-E1A35E0089A3}.ContentPackage|Windows64.ActiveCfg = ContentPackage|Xbox 360
		{1B9A8C38-DD48-448C-AA24-E1A35E0089A3}.Debug|Windows64.ActiveCfg = Debug|x64
		{1B9A8C38-DD48-448C-AA24-E1A35E0089A3}.Debug|Windows64.Build.0 = Debug|x64
		{1B9A8C38-DD48-448C-AA24-E1A35E0089A3}.Release|Windows64.ActiveCfg = Release|x64
		{1B9A8C38-DD48-448C-AA24-E1A35E0089A3}.Release|Windows64.Build.0 = Release|x64
		{1B9A8C38-DD48-448C-AA24-E1A35E0089A3}.Release|Windows64.Deploy.0 = Release|x64
		{1B9A8C38-DD48-448C-AA24-E1A35E0089A3}.ReleaseForArt|Windows64.ActiveCfg = ReleaseForArt|x64
	EndGlobalSection
	GlobalSection(SolutionProperties) = preSolution
		HideSolutionNode = FALSE
	EndGlobalSection
EndGlobal
